{
  "version": "3",
  "packages": {
    "specifiers": {
      "jsr:@nnou/option@^1.0.0": "jsr:@nnou/option@1.4.0",
      "jsr:@nnou/result@^1.0.0": "jsr:@nnou/result@1.0.1",
      "jsr:@std/assert@^0.226.0": "jsr:@std/assert@0.226.0",
      "jsr:@std/internal@^1.0.0": "jsr:@std/internal@1.0.0"
    },
    "jsr": {
      "@nnou/option@1.4.0": {
        "integrity": "2605ef2e58a2098548867ae11867d73f8eb516e181e52ec29136ed047b14dda3"
      },
      "@nnou/result@1.0.1": {
        "integrity": "c0e6611eb21c2139ae7790f5d1d603f4c0cc455d0998c434966df4e2977e8168"
      },
      "@std/assert@0.226.0": {
        "integrity": "0dfb5f7c7723c18cec118e080fec76ce15b4c31154b15ad2bd74822603ef75b3",
        "dependencies": [
          "jsr:@std/internal@^1.0.0"
        ]
      },
      "@std/internal@1.0.0": {
        "integrity": "ac6a6dfebf838582c4b4f61a6907374e27e05bedb6ce276e0f1608fe84e7cd9a"
      }
    }
  },
  "remote": {},
  "workspace": {
    "dependencies": [
      "jsr:@nnou/option@^1.0.0",
      "jsr:@nnou/result@^1.0.0",
      "jsr:@std/assert@^0.226.0"
    ]
  }
}
