{
  "version": "3",
  "packages": {
    "specifiers": {
      "jsr:@nnou/option@^1.0.0": "jsr:@nnou/option@1.3.0",
      "jsr:@nnou/result@^1.0.0": "jsr:@nnou/result@1.0.1"
    },
    "jsr": {
      "@nnou/option@1.3.0": {
        "integrity": "219f9e60a5f3f58539d9d6b08927e19998e347a5c656b50c9d8bd83574dbca53"
      },
      "@nnou/result@1.0.1": {
        "integrity": "c0e6611eb21c2139ae7790f5d1d603f4c0cc455d0998c434966df4e2977e8168"
      }
    }
  },
  "remote": {},
  "workspace": {
    "dependencies": [
      "jsr:@nnou/option@^1.0.0",
      "jsr:@nnou/result@^1.0.0",
      "jsr:@std/assert@^0.226.0"
    ]
  }
}
